# This file is autogenerated, do not edit; changes may be undone by the next 'dep ensure'.


[[projects]]
  branch = "master"
  name = "github.com/jmoiron/sqlx"
  packages = [
    ".",
    "reflectx"
  ]
  revision = "cf35089a197953c69420c8d0cecda90809764b1d"

[[projects]]
  branch = "master"
  name = "github.com/zibilal/repoman"
  packages = ["persistence"]
  revision = "964f72cc766fcaf7711c94fde3a034f4be68d8be"

[solve-meta]
  analyzer-name = "dep"
  analyzer-version = 1
  inputs-digest = "8d967e05b8abea9178011bf1edcf7584699a7d4ab1dc6f4af191dee28230c1aa"
  solver-name = "gps-cdcl"
  solver-version = 1
